// !$*UTF8*$!
{
	archiveVersion = 1;
	classes = {
	};
	objectVersion = 50;
	objects = {

/* Begin PBXBuildFile section */
		C33EC1AA227A3F970056F222 /* AppDelegate.swift in Sources */ = {isa = PBXBuildFile; fileRef = C33EC1A9227A3F970056F222 /* AppDelegate.swift */; };
		C33EC1AC227A3F970056F222 /* FirstViewController.swift in Sources */ = {isa = PBXBuildFile; fileRef = C33EC1AB227A3F970056F222 /* FirstViewController.swift */; };
		C33EC1AE227A3F970056F222 /* SecondViewController.swift in Sources */ = {isa = PBXBuildFile; fileRef = C33EC1AD227A3F970056F222 /* SecondViewController.swift */; };
		C33EC1B1227A3F970056F222 /* Main.storyboard in Resources */ = {isa = PBXBuildFile; fileRef = C33EC1AF227A3F970056F222 /* Main.storyboard */; };
		C33EC1B3227A3F970056F222 /* Assets.xcassets in Resources */ = {isa = PBXBuildFile; fileRef = C33EC1B2227A3F970056F222 /* Assets.xcassets */; };
		C33EC1B6227A3F970056F222 /* LaunchScreen.storyboard in Resources */ = {isa = PBXBuildFile; fileRef = C33EC1B4227A3F970056F222 /* LaunchScreen.storyboard */; };
/* End PBXBuildFile section */

/* Begin PBXFileReference section */
		C33EC1A6227A3F970056F222 /* passingVariablesBetweenViewControllers.app */ = {isa = PBXFileReference; explicitFileType = wrapper.application; includeInIndex = 0; path = passingVariablesBetweenViewControllers.app; sourceTree = BUILT_PRODUCTS_DIR; };
		C33EC1A9227A3F970056F222 /* AppDelegate.swift */ = {isa = PBXFileReference; lastKnownFileType = sourcecode.swift; path = AppDelegate.swift; sourceTree = "<group>"; };
		C33EC1AB227A3F970056F222 /* FirstViewController.swift */ = {isa = PBXFileReference; lastKnownFileType = sourcecode.swift; path = FirstViewController.swift; sourceTree = "<group>"; };
		C33EC1AD227A3F970056F222 /* SecondViewController.swift */ = {isa = PBXFileReference; lastKnownFileType = sourcecode.swift; path = SecondViewController.swift; sourceTree = "<group>"; };
		C33EC1B0227A3F970056F222 /* Base */ = {isa = PBXFileReference; lastKnownFileType = file.storyboard; name = Base; path = Base.lproj/Main.storyboard; sourceTree = "<group>"; };
		C33EC1B2227A3F970056F222 /* Assets.xcassets */ = {isa = PBXFileReference; lastKnownFileType = folder.assetcatalog; path = Assets.xcassets; sourceTree = "<group>"; };
		C33EC1B5227A3F970056F222 /* Base */ = {isa = PBXFileReference; lastKnownFileType = file.storyboard; name = Base; path = Base.lproj/LaunchScreen.storyboard; sourceTree = "<group>"; };
		C33EC1B7227A3F970056F222 /* Info.plist */ = {isa = PBXFileReference; lastKnownFileType = text.plist.xml; path = Info.plist; sourceTree = "<group>"; };
/* End PBXFileReference section */

/* Begin PBXFrameworksBuildPhase section */
		C33EC1A3227A3F970056F222 /* Frameworks */ = {
			isa = PBXFrameworksBuildPhase;
			buildActionMask = 2147483647;
			files = (
			);
			runOnlyForDeploymentPostprocessing = 0;
		};
/* End PBXFrameworksBuildPhase section */

/* Begin PBXGroup section */
		C33EC19D227A3F970056F222 = {
			isa = PBXGroup;
			children = (
				C33EC1A8227A3F970056F222 /* passingVariablesBetweenViewControllers */,
				C33EC1A7227A3F970056F222 /* Products */,
			);
			sourceTree = "<group>";
		};
		C33EC1A7227A3F970056F222 /* Products */ = {
			isa = PBXGroup;
			children = (
				C33EC1A6227A3F970056F222 /* passingVariablesBetweenViewControllers.app */,
			);
			name = Products;
			sourceTree = "<group>";
		};
		C33EC1A8227A3F970056F222 /* passingVariablesBetweenViewControllers */ = {
			isa = PBXGroup;
			children = (
				C33EC1A9227A3F970056F222 /* AppDelegate.swift */,
				C33EC1AB227A3F970056F222 /* FirstViewController.swift */,
				C33EC1AD227A3F970056F222 /* SecondViewController.swift */,
				C33EC1AF227A3F970056F222 /* Main.storyboard */,
				C33EC1B2227A3F970056F222 /* Assets.xcassets */,
				C33EC1B4227A3F970056F222 /* LaunchScreen.storyboard */,
				C33EC1B7227A3F970056F222 /* Info.plist */,
			);
			path = passingVariablesBetweenViewControllers;
			sourceTree = "<group>";
		};
/* End PBXGroup section */

/* Begin PBXNativeTarget section */
		C33EC1A5227A3F970056F222 /* passingVariablesBetweenViewControllers */ = {
			isa = PBXNativeTarget;
			buildConfigurationList = C33EC1BA227A3F970056F222 /* Build configuration list for PBXNativeTarget "passingVariablesBetweenViewControllers" */;
			buildPhases = (
				C33EC1A2227A3F970056F222 /* Sources */,
				C33EC1A3227A3F970056F222 /* Frameworks */,
				C33EC1A4227A3F970056F222 /* Resources */,
			);
			buildRules = (
			);
			dependencies = (
			);
			name = passingVariablesBetweenViewControllers;
			productName = passingVariablesBetweenViewControllers;
			productReference = C33EC1A6227A3F970056F222 /* passingVariablesBetweenViewControllers.app */;
			productType = "com.apple.product-type.application";
		};
/* End PBXNativeTarget section */

/* Begin PBXProject section */
		C33EC19E227A3F970056F222 /* Project object */ = {
			isa = PBXProject;
			attributes = {
				LastSwiftUpdateCheck = 1010;
				LastUpgradeCheck = 1010;
				ORGANIZATIONNAME = "Durham Tech";
				TargetAttributes = {
					C33EC1A5227A3F970056F222 = {
						CreatedOnToolsVersion = 10.1;
					};
				};
			};
			buildConfigurationList = C33EC1A1227A3F970056F222 /* Build configuration list for PBXProject "passingVariablesBetweenViewControllers" */;
			compatibilityVersion = "Xcode 9.3";
			developmentRegion = en;
			hasScannedForEncodings = 0;
			knownRegions = (
				en,
				Base,
			);
			mainGroup = C33EC19D227A3F970056F222;
			productRefGroup = C33EC1A7227A3F970056F222 /* Products */;
			projectDirPath = "";
			projectRoot = "";
			targets = (
				C33EC1A5227A3F970056F222 /* passingVariablesBetweenViewControllers */,
			);
		};
/* End PBXProject section */

/* Begin PBXResourcesBuildPhase section */
		C33EC1A4227A3F970056F222 /* Resources */ = {
			isa = PBXResourcesBuildPhase;
			buildActionMask = 2147483647;
			files = (
				C33EC1B6227A3F970056F222 /* LaunchScreen.storyboard in Resources */,
				C33EC1B3227A3F970056F222 /* Assets.xcassets in Resources */,
				C33EC1B1227A3F970056F222 /* Main.storyboard in Resources */,
			);
			runOnlyForDeploymentPostprocessing = 0;
		};
/* End PBXResourcesBuildPhase section */

/* Begin PBXSourcesBuildPhase section */
		C33EC1A2227A3F970056F222 /* Sources */ = {
			isa = PBXSourcesBuildPhase;
			buildActionMask = 2147483647;
			files = (
				C33EC1AE227A3F970056F222 /* SecondViewController.swift in Sources */,
				C33EC1AA227A3F970056F222 /* AppDelegate.swift in Sources */,
				C33EC1AC227A3F970056F222 /* FirstViewController.swift in Sources */,
			);
			runOnlyForDeploymentPostprocessing = 0;
		};
/* End PBXSourcesBuildPhase section */

/* Begin PBXVariantGroup section */
		C33EC1AF227A3F970056F222 /* Main.storyboard */ = {
			isa = PBXVariantGroup;
			children = (
				C33EC1B0227A3F970056F222 /* Base */,
			);
			name = Main.storyboard;
			sourceTree = "<group>";
		};
		C33EC1B4227A3F970056F222 /* LaunchScreen.storyboard */ = {
			isa = PBXVariantGroup;
			children = (
				C33EC1B5227A3F970056F222 /* Base */,
			);
			name = LaunchScreen.storyboard;
			sourceTree = "<group>";
		};
/* End PBXVariantGroup section */

/* Begin XCBuildConfiguration section */
		C33EC1B8227A3F970056F222 /* Debug */ = {
			isa = XCBuildConfiguration;
			buildSettings = {
				ALWAYS_SEARCH_USER_PATHS = NO;
				CLANG_ANALYZER_NONNULL = YES;
				CLANG_ANALYZER_NUMBER_OBJECT_CONVERSION = YES_AGGRESSIVE;
				CLANG_CXX_LANGUAGE_STANDARD = "gnu++14";
				CLANG_CXX_LIBRARY = "libc++";
				CLANG_ENABLE_MODULES = YES;
				CLANG_ENABLE_OBJC_ARC = YES;
				CLANG_ENABLE_OBJC_WEAK = YES;
				CLANG_WARN_BLOCK_CAPTURE_AUTORELEASING = YES;
				CLANG_WARN_BOOL_CONVERSION = YES;
				CLANG_WARN_COMMA = YES;
				CLANG_WARN_CONSTANT_CONVERSION = YES;
				CLANG_WARN_DEPRECATED_OBJC_IMPLEMENTATIONS = YES;
				CLANG_WARN_DIRECT_OBJC_ISA_USAGE = YES_ERROR;
				CLANG_WARN_DOCUMENTATION_COMMENTS = YES;
				CLANG_WARN_EMPTY_BODY = YES;
				CLANG_WARN_ENUM_CONVERSION = YES;
				CLANG_WARN_INFINITE_RECURSION = YES;
				CLANG_WARN_INT_CONVERSION = YES;
				CLANG_WARN_NON_LITERAL_NULL_CONVERSION = YES;
				CLANG_WARN_OBJC_IMPLICIT_RETAIN_SELF = YES;
				CLANG_WARN_OBJC_LITERAL_CONVERSION = YES;
				CLANG_WARN_OBJC_ROOT_CLASS = YES_ERROR;
				CLANG_WARN_RANGE_LOOP_ANALYSIS = YES;
				CLANG_WARN_STRICT_PROTOTYPES = YES;
				CLANG_WARN_SUSPICIOUS_MOVE = YES;
				CLANG_WARN_UNGUARDED_AVAILABILITY = YES_AGGRESSIVE;
				CLANG_WARN_UNREACHABLE_CODE = YES;
				CLANG_WARN__DUPLICATE_METHOD_MATCH = YES;
				CODE_SIGN_IDENTITY = "iPhone Developer";
				COPY_PHASE_STRIP = NO;
				DEBUG_INFORMATION_FORMAT = dwarf;
				ENABLE_STRICT_OBJC_MSGSEND = YES;
				ENABLE_TESTABILITY = YES;
				GCC_C_LANGUAGE_STANDARD = gnu11;
				GCC_DYNAMIC_NO_PIC = NO;
				GCC_NO_COMMON_BLOCKS = YES;
				GCC_OPTIMIZATION_LEVEL = 0;
				GCC_PREPROCESSOR_DEFINITIONS = (
					"DEBUG=1",
					"$(inherited)",
				);
				GCC_WARN_64_TO_32_BIT_CONVERSION = YES;
				GCC_WARN_ABOUT_RETURN_TYPE = YES_ERROR;
				GCC_WARN_UNDECLARED_SELECTOR = YES;
				GCC_WARN_UNINITIALIZED_AUTOS = YES_AGGRESSIVE;
				GCC_WARN_UNUSED_FUNCTION = YES;
				GCC_WARN_UNUSED_VARIABLE = YES;
				IPHONEOS_DEPLOYMENT_TARGET = 12.1;
				MTL_ENABLE_DEBUG_INFO = INCLUDE_SOURCE;
				MTL_FAST_MATH = YES;
				ONLY_ACTIVE_ARCH = YES;
				SDKROOT = iphoneos;
				SWIFT_ACTIVE_COMPILATION_CONDITIONS = DEBUG;
				SWIFT_OPTIMIZATION_LEVEL = "-Onone";
			};
			name = Debug;
		};
		C33EC1B9227A3F970056F222 /* Release */ = {
			isa = XCBuildConfiguration;
			buildSettings = {
				ALWAYS_SEARCH_USER_PATHS = NO;
				CLANG_ANALYZER_NONNULL = YES;
				CLANG_ANALYZER_NUMBER_OBJECT_CONVERSION = YES_AGGRESSIVE;
				CLANG_CXX_LANGUAGE_STANDARD = "gnu++14";
				CLANG_CXX_LIBRARY = "libc++";
				CLANG_ENABLE_MODULES = YES;
				CLANG_ENABLE_OBJC_ARC = YES;
				CLANG_ENABLE_OBJC_WEAK = YES;
				CLANG_WARN_BLOCK_CAPTURE_AUTORELEASING = YES;
				CLANG_WARN_BOOL_CONVERSION = YES;
				CLANG_WARN_COMMA = YES;
				CLANG_WARN_CONSTANT_CONVERSION = YES;
				CLANG_WARN_DEPRECATED_OBJC_IMPLEMENTATIONS = YES;
				CLANG_WARN_DIRECT_OBJC_ISA_USAGE = YES_ERROR;
				CLANG_WARN_DOCUMENTATION_COMMENTS = YES;
				CLANG_WARN_EMPTY_BODY = YES;
				CLANG_WARN_ENUM_CONVERSION = YES;
				CLANG_WARN_INFINITE_RECURSION = YES;
				CLANG_WARN_INT_CONVERSION = YES;
				CLANG_WARN_NON_LITERAL_NULL_CONVERSION = YES;
				CLANG_WARN_OBJC_IMPLICIT_RETAIN_SELF = YES;
				CLANG_WARN_OBJC_LITERAL_CONVERSION = YES;
				CLANG_WARN_OBJC_ROOT_CLASS = YES_ERROR;
				CLANG_WARN_RANGE_LOOP_ANALYSIS = YES;
				CLANG_WARN_STRICT_PROTOTYPES = YES;
				CLANG_WARN_SUSPICIOUS_MOVE = YES;
				CLANG_WARN_UNGUARDED_AVAILABILITY = YES_AGGRESSIVE;
				CLANG_WARN_UNREACHABLE_CODE = YES;
				CLANG_WARN__DUPLICATE_METHOD_MATCH = YES;
				CODE_SIGN_IDENTITY = "iPhone Developer";
				COPY_PHASE_STRIP = NO;
				DEBUG_INFORMATION_FORMAT = "dwarf-with-dsym";
				ENABLE_NS_ASSERTIONS = NO;
				ENABLE_STRICT_OBJC_MSGSEND = YES;
				GCC_C_LANGUAGE_STANDARD = gnu11;
				GCC_NO_COMMON_BLOCKS = YES;
				GCC_WARN_64_TO_32_BIT_CONVERSION = YES;
				GCC_WARN_ABOUT_RETURN_TYPE = YES_ERROR;
				GCC_WARN_UNDECLARED_SELECTOR = YES;
				GCC_WARN_UNINITIALIZED_AUTOS = YES_AGGRESSIVE;
				GCC_WARN_UNUSED_FUNCTION = YES;
				GCC_WARN_UNUSED_VARIABLE = YES;
				IPHONEOS_DEPLOYMENT_TARGET = 12.1;
				MTL_ENABLE_DEBUG_INFO = NO;
				MTL_FAST_MATH = YES;
				SDKROOT = iphoneos;
				SWIFT_COMPILATION_MODE = wholemodule;
				SWIFT_OPTIMIZATION_LEVEL = "-O";
				VALIDATE_PRODUCT = YES;
			};
			name = Release;
		};
		C33EC1BB227A3F970056F222 /* Debug */ = {
			isa = XCBuildConfiguration;
			buildSettings = {
				ASSETCATALOG_COMPILER_APPICON_NAME = AppIcon;
				CODE_SIGN_STYLE = Automatic;
				INFOPLIST_FILE = passingVariablesBetweenViewControllers/Info.plist;
				LD_RUNPATH_SEARCH_PATHS = (
					"$(inherited)",
					"@executable_path/Frameworks",
				);
				PRODUCT_BUNDLE_IDENTIFIER = edu.durhamtech.dietzm.ViewControllers.passingVariablesBetweenViewControllers;
				PRODUCT_NAME = "$(TARGET_NAME)";
				SWIFT_VERSION = 4.2;
				TARGETED_DEVICE_FAMILY = "1,2";
			};
			name = Debug;
		};
		C33EC1BC227A3F970056F222 /* Release */ = {
			isa = XCBuildConfiguration;
			buildSettings = {
				ASSETCATALOG_COMPILER_APPICON_NAME = AppIcon;
				CODE_SIGN_STYLE = Automatic;
				INFOPLIST_FILE = passingVariablesBetweenViewControllers/Info.plist;
				LD_RUNPATH_SEARCH_PATHS = (
					"$(inherited)",
					"@executable_path/Frameworks",
				);
				PRODUCT_BUNDLE_IDENTIFIER = edu.durhamtech.dietzm.ViewControllers.passingVariablesBetweenViewControllers;
				PRODUCT_NAME = "$(TARGET_NAME)";
				SWIFT_VERSION = 4.2;
				TARGETED_DEVICE_FAMILY = "1,2";
			};
			name = Release;
		};
/* End XCBuildConfiguration section */

/* Begin XCConfigurationList section */
		C33EC1A1227A3F970056F222 /* Build configuration list for PBXProject "passingVariablesBetweenViewControllers" */ = {
			isa = XCConfigurationList;
			buildConfigurations = (
				C33EC1B8227A3F970056F222 /* Debug */,
				C33EC1B9227A3F970056F222 /* Release */,
			);
			defaultConfigurationIsVisible = 0;
			defaultConfigurationName = Release;
		};
		C33EC1BA227A3F970056F222 /* Build configuration list for PBXNativeTarget "passingVariablesBetweenViewControllers" */ = {
			isa = XCConfigurationList;
			buildConfigurations = (
				C33EC1BB227A3F970056F222 /* Debug */,
				C33EC1BC227A3F970056F222 /* Release */,
			);
			defaultConfigurationIsVisible = 0;
			defaultConfigurationName = Release;
		};
/* End XCConfigurationList section */
	};
	rootObject = C33EC19E227A3F970056F222 /* Project object */;
}
